{
    "name": "pg-diff-cli",
    "version": "1.2.13",
    "lockfileVersion": 1,
    "requires": true,
    "dependencies": {
        "ansi-styles": {
            "version": "3.2.1",
            "resolved": "https://registry.npmjs.org/ansi-styles/-/ansi-styles-3.2.1.tgz",
            "integrity": "sha512-VT0ZI6kZRdTh8YyJw3SMbYm/u+NqfsAxEpWO0Pf9sq8/e94WxxOpPKx9FR1FlyCtOVDNOQ+8ntlqFxiRc+r5qA==",
            "requires": {
                "color-convert": "^1.9.0"
            }
        },
        "buffer-writer": {
            "version": "2.0.0",
            "resolved": "https://registry.npmjs.org/buffer-writer/-/buffer-writer-2.0.0.tgz",
            "integrity": "sha512-a7ZpuTZU1TRtnwyCNW3I5dc0wWNC3VR9S++Ewyk2HHZdrO3CQJqSpd+95Us590V6AL7JqUAH2IwZ/398PmNFgw=="
        },
        "chalk": {
            "version": "2.4.1",
            "resolved": "https://registry.npmjs.org/chalk/-/chalk-2.4.1.tgz",
            "integrity": "sha512-ObN6h1v2fTJSmUXoS3nMQ92LbDK9be4TV+6G+omQlGJFdcUX5heKi1LZ1YnRMIgwTLEj3E24bT6tYni50rlCfQ==",
            "requires": {
                "ansi-styles": "^3.2.1",
                "escape-string-regexp": "^1.0.5",
                "supports-color": "^5.3.0"
            }
        },
        "cli-color": {
            "version": "0.3.2",
            "resolved": "https://registry.npmjs.org/cli-color/-/cli-color-0.3.2.tgz",
            "integrity": "sha1-dfpfcowwjMSsWUsF4GzF2A2szYY=",
            "requires": {
                "d": "~0.1.1",
                "es5-ext": "~0.10.2",
                "memoizee": "0.3.x",
                "timers-ext": "0.1.x"
            }
        },
        "clui": {
            "version": "0.3.6",
            "resolved": "https://registry.npmjs.org/clui/-/clui-0.3.6.tgz",
            "integrity": "sha512-Z4UbgZILlIAjkEkZiDOa2aoYjohKx7fa6DxIh6cE9A6WNWZ61iXfQc6CmdC9SKdS5nO0P0UyQ+WfoXfB65e3HQ==",
            "requires": {
                "cli-color": "0.3.2"
            }
        },
        "color-convert": {
            "version": "1.9.2",
            "resolved": "https://registry.npmjs.org/color-convert/-/color-convert-1.9.2.tgz",
            "integrity": "sha512-3NUJZdhMhcdPn8vJ9v2UQJoH0qqoGUkYTgFEPZaPjEtwmmKUfNV46zZmgB2M5M4DCEQHMaCfWHCxiBflLm04Tg==",
            "requires": {
                "color-name": "1.1.1"
            }
        },
        "color-name": {
            "version": "1.1.1",
            "resolved": "https://registry.npmjs.org/color-name/-/color-name-1.1.1.tgz",
            "integrity": "sha1-SxQVMEz1ACjqgWQ2Q72C6gWANok="
        },
        "d": {
            "version": "0.1.1",
            "resolved": "https://registry.npmjs.org/d/-/d-0.1.1.tgz",
            "integrity": "sha1-2hhMU10Y2O57oqoim5FACfrhEwk=",
            "requires": {
                "es5-ext": "~0.10.2"
            }
        },
        "deep-equal": {
            "version": "2.0.1",
            "resolved": "https://registry.npmjs.org/deep-equal/-/deep-equal-2.0.1.tgz",
            "integrity": "sha512-7Et6r6XfNW61CPPCIYfm1YPGSmh6+CliYeL4km7GWJcpX5LTAflGF8drLLR+MZX+2P3NZfAfSduutBbSWqER4g==",
            "requires": {
                "es-abstract": "^1.16.3",
                "es-get-iterator": "^1.0.1",
                "is-arguments": "^1.0.4",
                "is-date-object": "^1.0.1",
                "is-regex": "^1.0.4",
                "isarray": "^2.0.5",
                "object-is": "^1.0.1",
                "object-keys": "^1.1.1",
                "regexp.prototype.flags": "^1.2.0",
                "side-channel": "^1.0.1",
                "which-boxed-primitive": "^1.0.1",
                "which-collection": "^1.0.0"
            }
        },
        "define-properties": {
            "version": "1.1.3",
            "resolved": "https://registry.npmjs.org/define-properties/-/define-properties-1.1.3.tgz",
            "integrity": "sha512-3MqfYKj2lLzdMSf8ZIZE/V+Zuy+BgD6f164e8K2w7dgnpKArBDerGYpM46IYYcjnkdPNMjPk9A6VFB8+3SKlXQ==",
            "requires": {
                "object-keys": "^1.0.12"
            }
        },
        "es-abstract": {
            "version": "1.17.5",
            "resolved": "https://registry.npmjs.org/es-abstract/-/es-abstract-1.17.5.tgz",
            "integrity": "sha512-BR9auzDbySxOcfog0tLECW8l28eRGpDpU3Dm3Hp4q/N+VtLTmyj4EUN088XZWQDW/hzj6sYRDXeOFsaAODKvpg==",
            "requires": {
                "es-to-primitive": "^1.2.1",
                "function-bind": "^1.1.1",
                "has": "^1.0.3",
                "has-symbols": "^1.0.1",
                "is-callable": "^1.1.5",
                "is-regex": "^1.0.5",
                "object-inspect": "^1.7.0",
                "object-keys": "^1.1.1",
                "object.assign": "^4.1.0",
                "string.prototype.trimleft": "^2.1.1",
                "string.prototype.trimright": "^2.1.1"
            }
        },
        "es-get-iterator": {
            "version": "1.1.0",
            "resolved": "https://registry.npmjs.org/es-get-iterator/-/es-get-iterator-1.1.0.tgz",
            "integrity": "sha512-UfrmHuWQlNMTs35e1ypnvikg6jCz3SK8v8ImvmDsh36fCVUR1MqoFDiyn0/k52C8NqO3YsO8Oe0azeesNuqSsQ==",
            "requires": {
                "es-abstract": "^1.17.4",
                "has-symbols": "^1.0.1",
                "is-arguments": "^1.0.4",
                "is-map": "^2.0.1",
                "is-set": "^2.0.1",
                "is-string": "^1.0.5",
                "isarray": "^2.0.5"
            }
        },
        "es-to-primitive": {
            "version": "1.2.1",
            "resolved": "https://registry.npmjs.org/es-to-primitive/-/es-to-primitive-1.2.1.tgz",
            "integrity": "sha512-QCOllgZJtaUo9miYBcLChTUaHNjJF3PYs1VidD7AwiEj1kYxKeQTctLAezAOH5ZKRH0g2IgPn6KwB4IT8iRpvA==",
            "requires": {
                "is-callable": "^1.1.4",
                "is-date-object": "^1.0.1",
                "is-symbol": "^1.0.2"
            }
        },
        "es5-ext": {
            "version": "0.10.46",
            "resolved": "https://registry.npmjs.org/es5-ext/-/es5-ext-0.10.46.tgz",
            "integrity": "sha512-24XxRvJXNFwEMpJb3nOkiRJKRoupmjYmOPVlI65Qy2SrtxwOTB+g6ODjBKOtwEHbYrhWRty9xxOWLNdClT2djw==",
            "requires": {
                "es6-iterator": "~2.0.3",
                "es6-symbol": "~3.1.1",
                "next-tick": "1"
            }
        },
        "es6-iterator": {
            "version": "2.0.3",
            "resolved": "https://registry.npmjs.org/es6-iterator/-/es6-iterator-2.0.3.tgz",
            "integrity": "sha1-p96IkUGgWpSwhUQDstCg+/qY87c=",
            "requires": {
                "d": "1",
                "es5-ext": "^0.10.35",
                "es6-symbol": "^3.1.1"
            },
            "dependencies": {
                "d": {
                    "version": "1.0.0",
                    "resolved": "https://registry.npmjs.org/d/-/d-1.0.0.tgz",
                    "integrity": "sha1-dUu1v+VUUdpppYuU1F9MWwRi1Y8=",
                    "requires": {
                        "es5-ext": "^0.10.9"
                    }
                }
            }
        },
        "es6-symbol": {
            "version": "3.1.1",
            "resolved": "https://registry.npmjs.org/es6-symbol/-/es6-symbol-3.1.1.tgz",
            "integrity": "sha1-vwDvT9q2uhtG7Le2KbTH7VcVzHc=",
            "requires": {
                "d": "1",
                "es5-ext": "~0.10.14"
            },
            "dependencies": {
                "d": {
                    "version": "1.0.0",
                    "resolved": "https://registry.npmjs.org/d/-/d-1.0.0.tgz",
                    "integrity": "sha1-dUu1v+VUUdpppYuU1F9MWwRi1Y8=",
                    "requires": {
                        "es5-ext": "^0.10.9"
                    }
                }
            }
        },
        "es6-weak-map": {
            "version": "0.1.4",
            "resolved": "https://registry.npmjs.org/es6-weak-map/-/es6-weak-map-0.1.4.tgz",
            "integrity": "sha1-cGzvnpmqI2undmwjnIueKG6n0ig=",
            "requires": {
                "d": "~0.1.1",
                "es5-ext": "~0.10.6",
                "es6-iterator": "~0.1.3",
                "es6-symbol": "~2.0.1"
            },
            "dependencies": {
                "es6-iterator": {
                    "version": "0.1.3",
                    "resolved": "https://registry.npmjs.org/es6-iterator/-/es6-iterator-0.1.3.tgz",
                    "integrity": "sha1-1vWLjE/EE8JJtLqhl2j45NfIlE4=",
                    "requires": {
                        "d": "~0.1.1",
                        "es5-ext": "~0.10.5",
                        "es6-symbol": "~2.0.1"
                    }
                },
                "es6-symbol": {
                    "version": "2.0.1",
                    "resolved": "https://registry.npmjs.org/es6-symbol/-/es6-symbol-2.0.1.tgz",
                    "integrity": "sha1-dhtcZ8/U8dGK+yNPaR1nhoLLO/M=",
                    "requires": {
                        "d": "~0.1.1",
                        "es5-ext": "~0.10.5"
                    }
                }
            }
        },
        "escape-string-regexp": {
            "version": "1.0.5",
            "resolved": "https://registry.npmjs.org/escape-string-regexp/-/escape-string-regexp-1.0.5.tgz",
            "integrity": "sha1-G2HAViGQqN/2rjuyzwIAyhMLhtQ="
        },
        "event-emitter": {
            "version": "0.3.5",
            "resolved": "https://registry.npmjs.org/event-emitter/-/event-emitter-0.3.5.tgz",
            "integrity": "sha1-34xp7vFkeSPHFXuc6DhAYQsCzDk=",
            "requires": {
                "d": "1",
                "es5-ext": "~0.10.14"
            },
            "dependencies": {
                "d": {
                    "version": "1.0.0",
                    "resolved": "https://registry.npmjs.org/d/-/d-1.0.0.tgz",
                    "integrity": "sha1-dUu1v+VUUdpppYuU1F9MWwRi1Y8=",
                    "requires": {
                        "es5-ext": "^0.10.9"
                    }
                }
            }
        },
        "figlet": {
            "version": "1.2.0",
            "resolved": "https://registry.npmjs.org/figlet/-/figlet-1.2.0.tgz",
            "integrity": "sha1-bEZTc3j6tkkUa1phQ92gGbQwtBA="
        },
        "function-bind": {
            "version": "1.1.1",
            "resolved": "https://registry.npmjs.org/function-bind/-/function-bind-1.1.1.tgz",
            "integrity": "sha512-yIovAzMX49sF8Yl58fSCWJ5svSLuaibPxXQJFLmBObTuCr0Mf1KiPopGM9NiFjiYBCbfaa2Fh6breQ6ANVTI0A=="
        },
        "has": {
            "version": "1.0.3",
            "resolved": "https://registry.npmjs.org/has/-/has-1.0.3.tgz",
            "integrity": "sha512-f2dvO0VU6Oej7RkWJGrehjbzMAjFp5/VKPp5tTpWIV4JHHZK1/BxbFRtf/siA2SWTe09caDmVtYYzWEIbBS4zw==",
            "requires": {
                "function-bind": "^1.1.1"
            }
        },
        "has-flag": {
            "version": "3.0.0",
            "resolved": "https://registry.npmjs.org/has-flag/-/has-flag-3.0.0.tgz",
            "integrity": "sha1-tdRU3CGZriJWmfNGfloH87lVuv0="
        },
        "has-symbols": {
            "version": "1.0.1",
            "resolved": "https://registry.npmjs.org/has-symbols/-/has-symbols-1.0.1.tgz",
            "integrity": "sha512-PLcsoqu++dmEIZB+6totNFKq/7Do+Z0u4oT0zKOJNl3lYK6vGwwu2hjHs+68OEZbTjiUE9bgOABXbP/GvrS0Kg=="
        },
        "is-arguments": {
            "version": "1.0.4",
            "resolved": "https://registry.npmjs.org/is-arguments/-/is-arguments-1.0.4.tgz",
            "integrity": "sha512-xPh0Rmt8NE65sNzvyUmWgI1tz3mKq74lGA0mL8LYZcoIzKOzDh6HmrYm3d18k60nHerC8A9Km8kYu87zfSFnLA=="
        },
        "is-bigint": {
            "version": "1.0.0",
            "resolved": "https://registry.npmjs.org/is-bigint/-/is-bigint-1.0.0.tgz",
            "integrity": "sha512-t5mGUXC/xRheCK431ylNiSkGGpBp8bHENBcENTkDT6ppwPzEVxNGZRvgvmOEfbWkFhA7D2GEuE2mmQTr78sl2g=="
        },
        "is-boolean-object": {
            "version": "1.0.1",
            "resolved": "https://registry.npmjs.org/is-boolean-object/-/is-boolean-object-1.0.1.tgz",
            "integrity": "sha512-TqZuVwa/sppcrhUCAYkGBk7w0yxfQQnxq28fjkO53tnK9FQXmdwz2JS5+GjsWQ6RByES1K40nI+yDic5c9/aAQ=="
        },
        "is-callable": {
            "version": "1.1.5",
            "resolved": "https://registry.npmjs.org/is-callable/-/is-callable-1.1.5.tgz",
            "integrity": "sha512-ESKv5sMCJB2jnHTWZ3O5itG+O128Hsus4K4Qh1h2/cgn2vbgnLSVqfV46AeJA9D5EeeLa9w81KUXMtn34zhX+Q=="
        },
        "is-date-object": {
            "version": "1.0.2",
            "resolved": "https://registry.npmjs.org/is-date-object/-/is-date-object-1.0.2.tgz",
            "integrity": "sha512-USlDT524woQ08aoZFzh3/Z6ch9Y/EWXEHQ/AaRN0SkKq4t2Jw2R2339tSXmwuVoY7LLlBCbOIlx2myP/L5zk0g=="
        },
        "is-map": {
            "version": "2.0.1",
            "resolved": "https://registry.npmjs.org/is-map/-/is-map-2.0.1.tgz",
            "integrity": "sha512-T/S49scO8plUiAOA2DBTBG3JHpn1yiw0kRp6dgiZ0v2/6twi5eiB0rHtHFH9ZIrvlWc6+4O+m4zg5+Z833aXgw=="
        },
        "is-number-object": {
            "version": "1.0.4",
            "resolved": "https://registry.npmjs.org/is-number-object/-/is-number-object-1.0.4.tgz",
            "integrity": "sha512-zohwelOAur+5uXtk8O3GPQ1eAcu4ZX3UwxQhUlfFFMNpUd83gXgjbhJh6HmB6LUNV/ieOLQuDwJO3dWJosUeMw=="
        },
        "is-regex": {
            "version": "1.0.5",
            "resolved": "https://registry.npmjs.org/is-regex/-/is-regex-1.0.5.tgz",
            "integrity": "sha512-vlKW17SNq44owv5AQR3Cq0bQPEb8+kF3UKZ2fiZNOWtztYE5i0CzCZxFDwO58qAOWtxdBRVO/V5Qin1wjCqFYQ==",
            "requires": {
                "has": "^1.0.3"
            }
        },
        "is-set": {
            "version": "2.0.1",
            "resolved": "https://registry.npmjs.org/is-set/-/is-set-2.0.1.tgz",
            "integrity": "sha512-eJEzOtVyenDs1TMzSQ3kU3K+E0GUS9sno+F0OBT97xsgcJsF9nXMBtkT9/kut5JEpM7oL7X/0qxR17K3mcwIAA=="
        },
        "is-string": {
            "version": "1.0.5",
            "resolved": "https://registry.npmjs.org/is-string/-/is-string-1.0.5.tgz",
            "integrity": "sha512-buY6VNRjhQMiF1qWDouloZlQbRhDPCebwxSjxMjxgemYT46YMd2NR0/H+fBhEfWX4A/w9TBJ+ol+okqJKFE6vQ=="
        },
        "is-symbol": {
            "version": "1.0.3",
            "resolved": "https://registry.npmjs.org/is-symbol/-/is-symbol-1.0.3.tgz",
            "integrity": "sha512-OwijhaRSgqvhm/0ZdAcXNZt9lYdKFpcRDT5ULUuYXPoT794UNOdU+gpT6Rzo7b4V2HUl/op6GqY894AZwv9faQ==",
            "requires": {
                "has-symbols": "^1.0.1"
            }
        },
        "is-weakmap": {
            "version": "2.0.1",
            "resolved": "https://registry.npmjs.org/is-weakmap/-/is-weakmap-2.0.1.tgz",
            "integrity": "sha512-NSBR4kH5oVj1Uwvv970ruUkCV7O1mzgVFO4/rev2cLRda9Tm9HrL70ZPut4rOHgY0FNrUu9BCbXA2sdQ+x0chA=="
        },
        "is-weakset": {
            "version": "2.0.1",
            "resolved": "https://registry.npmjs.org/is-weakset/-/is-weakset-2.0.1.tgz",
            "integrity": "sha512-pi4vhbhVHGLxohUw7PhGsueT4vRGFoXhP7+RGN0jKIv9+8PWYCQTqtADngrxOm2g46hoH0+g8uZZBzMrvVGDmw=="
        },
        "isarray": {
            "version": "2.0.5",
            "resolved": "https://registry.npmjs.org/isarray/-/isarray-2.0.5.tgz",
            "integrity": "sha512-xHjhDr3cNBK0BzdUJSPXZntQUx/mwMS5Rw4A7lPJ90XGAO6ISP/ePDNuo0vhqOZU+UD5JoodwCAAoZQd3FeAKw=="
        },
        "line-by-line": {
            "version": "0.1.6",
            "resolved": "https://registry.npmjs.org/line-by-line/-/line-by-line-0.1.6.tgz",
            "integrity": "sha512-MmwVPfOyp0lWnEZ3fBA8Ah4pMFvxO6WgWovqZNu7Y4J0TNnGcsV4S1LzECHbdgqk1hoHc2mFP1Axc37YUqwafg=="
        },
        "lru-queue": {
            "version": "0.1.0",
            "resolved": "https://registry.npmjs.org/lru-queue/-/lru-queue-0.1.0.tgz",
            "integrity": "sha1-Jzi9nw089PhEkMVzbEhpmsYyzaM=",
            "requires": {
                "es5-ext": "~0.10.2"
            }
        },
        "memoizee": {
            "version": "0.3.10",
            "resolved": "https://registry.npmjs.org/memoizee/-/memoizee-0.3.10.tgz",
            "integrity": "sha1-TsoNiu057J0Bf0xcLy9kMvQuXI8=",
            "requires": {
                "d": "~0.1.1",
                "es5-ext": "~0.10.11",
                "es6-weak-map": "~0.1.4",
                "event-emitter": "~0.3.4",
                "lru-queue": "0.1",
                "next-tick": "~0.2.2",
                "timers-ext": "0.1"
            },
            "dependencies": {
                "next-tick": {
                    "version": "0.2.2",
                    "resolved": "https://registry.npmjs.org/next-tick/-/next-tick-0.2.2.tgz",
                    "integrity": "sha1-ddpKkn7liH45BliABltzNkE7MQ0="
                }
            }
        },
        "next-tick": {
            "version": "1.0.0",
            "resolved": "https://registry.npmjs.org/next-tick/-/next-tick-1.0.0.tgz",
            "integrity": "sha1-yobR/ogoFpsBICCOPchCS524NCw="
        },
        "object-inspect": {
            "version": "1.7.0",
            "resolved": "https://registry.npmjs.org/object-inspect/-/object-inspect-1.7.0.tgz",
            "integrity": "sha512-a7pEHdh1xKIAgTySUGgLMx/xwDZskN1Ud6egYYN3EdRW4ZMPNEDUTF+hwy2LUC+Bl+SyLXANnwz/jyh/qutKUw=="
        },
        "object-is": {
            "version": "1.1.2",
            "resolved": "https://registry.npmjs.org/object-is/-/object-is-1.1.2.tgz",
            "integrity": "sha512-5lHCz+0uufF6wZ7CRFWJN3hp8Jqblpgve06U5CMQ3f//6iDjPr2PEo9MWCjEssDsa+UZEL4PkFpr+BMop6aKzQ==",
            "requires": {
                "define-properties": "^1.1.3",
                "es-abstract": "^1.17.5"
            }
        },
        "object-keys": {
            "version": "1.1.1",
            "resolved": "https://registry.npmjs.org/object-keys/-/object-keys-1.1.1.tgz",
            "integrity": "sha512-NuAESUOUMrlIXOfHKzD6bpPu3tYt3xvjNdRIQ+FeT0lNb4K8WR70CaDxhuNguS2XG+GjkyMwOzsN5ZktImfhLA=="
        },
        "object.assign": {
            "version": "4.1.0",
            "resolved": "https://registry.npmjs.org/object.assign/-/object.assign-4.1.0.tgz",
            "integrity": "sha512-exHJeq6kBKj58mqGyTQ9DFvrZC/eR6OwxzoM9YRoGBqrXYonaFyGiFMuc9VZrXf7DarreEwMpurG3dd+CNyW5w==",
            "requires": {
                "define-properties": "^1.1.2",
                "function-bind": "^1.1.1",
                "has-symbols": "^1.0.0",
                "object-keys": "^1.0.11"
            }
        },
        "packet-reader": {
            "version": "1.0.0",
            "resolved": "https://registry.npmjs.org/packet-reader/-/packet-reader-1.0.0.tgz",
            "integrity": "sha512-HAKu/fG3HpHFO0AA8WE8q2g+gBJaZ9MG7fcKk+IJPLTGAD6Psw4443l+9DGRbOIh3/aXr7Phy0TjilYivJo5XQ=="
        },
        "pg": {
            "version": "8.1.0",
            "resolved": "https://registry.npmjs.org/pg/-/pg-8.1.0.tgz",
            "integrity": "sha512-Jp+XSNTGYDztc2FgIbmBXeeYMR7kKjfgnl3R+ioO6rkcxDmaea+YPp/gaxe13PBnJAFYyEGl0ixpwPm2gb6eUw==",
            "requires": {
                "buffer-writer": "2.0.0",
                "packet-reader": "1.0.0",
                "pg-connection-string": "^2.2.2",
                "pg-pool": "^3.2.0",
                "pg-protocol": "^1.2.2",
                "pg-types": "^2.1.0",
                "pgpass": "1.x",
                "semver": "4.3.2"
            }
        },
        "pg-connection-string": {
            "version": "2.2.2",
            "resolved": "https://registry.npmjs.org/pg-connection-string/-/pg-connection-string-2.2.2.tgz",
            "integrity": "sha512-+hel4DGuSZCjCZwglAuyi+XlodHnKmrbyTw0hVWlmGN2o4AfJDkDo5obAFzblS5M5PFBMx0uDt5Y1QjlNC+tqg=="
        },
        "pg-diff-api": {
            "version": "1.0.4-beta.7",
            "resolved": "https://registry.npmjs.org/pg-diff-api/-/pg-diff-api-1.0.4-beta.7.tgz",
            "integrity": "sha512-JFcXdl6a+tz9B7UrrOXPKQFt8rq6b00Q7enC876JsBPHTdnRoCZr9vxT6ae50Pn9kZCYc8k8pyCLfTE5L3t+Qg==",
            "requires": {
                "deep-equal": "2.0.1",
                "line-by-line": "0.1.6",
                "pg": "8.1.0"
            }
        },
        "pg-int8": {
            "version": "1.0.1",
            "resolved": "https://registry.npmjs.org/pg-int8/-/pg-int8-1.0.1.tgz",
            "integrity": "sha512-WCtabS6t3c8SkpDBUlb1kjOs7l66xsGdKpIPZsg4wR+B3+u9UAum2odSsF9tnvxg80h4ZxLWMy4pRjOsFIqQpw=="
        },
        "pg-pool": {
            "version": "3.2.0",
            "resolved": "https://registry.npmjs.org/pg-pool/-/pg-pool-3.2.0.tgz",
            "integrity": "sha512-7BLwDNDEfPFjE9vmZLcJPLFwuDAVGZ5lIZo2MeQfwYG7EPGfdNVis/dz6obI/yKqvQIx2sf6QBKXMLB+y/ftgA=="
        },
        "pg-protocol": {
            "version": "1.2.2",
            "resolved": "https://registry.npmjs.org/pg-protocol/-/pg-protocol-1.2.2.tgz",
            "integrity": "sha512-r8hGxHOk3ccMjjmhFJ/QOSVW5A+PP84TeRlEwB/cQ9Zu+bvtZg8Z59Cx3AMfVQc9S0Z+EG+HKhicF1W1GN5Eqg=="
        },
        "pg-types": {
            "version": "2.2.0",
            "resolved": "https://registry.npmjs.org/pg-types/-/pg-types-2.2.0.tgz",
            "integrity": "sha512-qTAAlrEsl8s4OiEQY69wDvcMIdQN6wdz5ojQiOy6YRMuynxenON0O5oCpJI6lshc6scgAY8qvJ2On/p+CXY0GA==",
            "requires": {
                "pg-int8": "1.0.1",
                "postgres-array": "~2.0.0",
                "postgres-bytea": "~1.0.0",
                "postgres-date": "~1.0.4",
                "postgres-interval": "^1.1.0"
            }
        },
        "pgpass": {
            "version": "1.0.2",
            "resolved": "https://registry.npmjs.org/pgpass/-/pgpass-1.0.2.tgz",
            "integrity": "sha1-Knu0G2BltnkH6R2hsHwYR8h3swY=",
            "requires": {
                "split": "^1.0.0"
            }
        },
        "postgres-array": {
            "version": "2.0.0",
            "resolved": "https://registry.npmjs.org/postgres-array/-/postgres-array-2.0.0.tgz",
            "integrity": "sha512-VpZrUqU5A69eQyW2c5CA1jtLecCsN2U/bD6VilrFDWq5+5UIEVO7nazS3TEcHf1zuPYO/sqGvUvW62g86RXZuA=="
        },
        "postgres-bytea": {
            "version": "1.0.0",
            "resolved": "https://registry.npmjs.org/postgres-bytea/-/postgres-bytea-1.0.0.tgz",
            "integrity": "sha1-AntTPAqokOJtFy1Hz5zOzFIazTU="
        },
        "postgres-date": {
            "version": "1.0.5",
            "resolved": "https://registry.npmjs.org/postgres-date/-/postgres-date-1.0.5.tgz",
            "integrity": "sha512-pdau6GRPERdAYUQwkBnGKxEfPyhVZXG/JiS44iZWiNdSOWE09N2lUgN6yshuq6fVSon4Pm0VMXd1srUUkLe9iA=="
        },
        "postgres-interval": {
            "version": "1.2.0",
            "resolved": "https://registry.npmjs.org/postgres-interval/-/postgres-interval-1.2.0.tgz",
            "integrity": "sha512-9ZhXKM/rw350N1ovuWHbGxnGh/SNJ4cnxHiM0rxE4VN41wsg8P8zWn9hv/buK00RP4WvlOyr/RBDiptyxVbkZQ==",
            "requires": {
                "xtend": "^4.0.0"
            }
        },
        "regexp.prototype.flags": {
            "version": "1.3.0",
            "resolved": "https://registry.npmjs.org/regexp.prototype.flags/-/regexp.prototype.flags-1.3.0.tgz",
            "integrity": "sha512-2+Q0C5g951OlYlJz6yu5/M33IcsESLlLfsyIaLJaG4FA2r4yP8MvVMJUUP/fVBkSpbbbZlS5gynbEWLipiiXiQ==",
            "requires": {
                "define-properties": "^1.1.3",
                "es-abstract": "^1.17.0-next.1"
            }
        },
        "semver": {
            "version": "4.3.2",
            "resolved": "https://registry.npmjs.org/semver/-/semver-4.3.2.tgz",
            "integrity": "sha1-x6BxWKgL7dBSNVt3DYLWZA+AO+c="
        },
        "side-channel": {
            "version": "1.0.2",
            "resolved": "https://registry.npmjs.org/side-channel/-/side-channel-1.0.2.tgz",
            "integrity": "sha512-7rL9YlPHg7Ancea1S96Pa8/QWb4BtXL/TZvS6B8XFetGBeuhAsfmUspK6DokBeZ64+Kj9TCNRD/30pVz1BvQNA==",
            "requires": {
                "es-abstract": "^1.17.0-next.1",
                "object-inspect": "^1.7.0"
            }
        },
        "split": {
            "version": "1.0.1",
            "resolved": "https://registry.npmjs.org/split/-/split-1.0.1.tgz",
            "integrity": "sha512-mTyOoPbrivtXnwnIxZRFYRrPNtEFKlpB2fvjSnCQUiAA6qAZzqwna5envK4uk6OIeP17CsdF3rSBGYVBsU0Tkg==",
            "requires": {
                "through": "2"
            }
        },
        "string.prototype.trimend": {
            "version": "1.0.1",
            "resolved": "https://registry.npmjs.org/string.prototype.trimend/-/string.prototype.trimend-1.0.1.tgz",
            "integrity": "sha512-LRPxFUaTtpqYsTeNKaFOw3R4bxIzWOnbQ837QfBylo8jIxtcbK/A/sMV7Q+OAV/vWo+7s25pOE10KYSjaSO06g==",
            "requires": {
                "define-properties": "^1.1.3",
                "es-abstract": "^1.17.5"
            }
        },
        "string.prototype.trimleft": {
            "version": "2.1.2",
            "resolved": "https://registry.npmjs.org/string.prototype.trimleft/-/string.prototype.trimleft-2.1.2.tgz",
            "integrity": "sha512-gCA0tza1JBvqr3bfAIFJGqfdRTyPae82+KTnm3coDXkZN9wnuW3HjGgN386D7hfv5CHQYCI022/rJPVlqXyHSw==",
            "requires": {
                "define-properties": "^1.1.3",
                "es-abstract": "^1.17.5",
                "string.prototype.trimstart": "^1.0.0"
            }
        },
        "string.prototype.trimright": {
            "version": "2.1.2",
            "resolved": "https://registry.npmjs.org/string.prototype.trimright/-/string.prototype.trimright-2.1.2.tgz",
            "integrity": "sha512-ZNRQ7sY3KroTaYjRS6EbNiiHrOkjihL9aQE/8gfQ4DtAC/aEBRHFJa44OmoWxGGqXuJlfKkZW4WcXErGr+9ZFg==",
            "requires": {
                "define-properties": "^1.1.3",
                "es-abstract": "^1.17.5",
                "string.prototype.trimend": "^1.0.0"
            }
        },
        "string.prototype.trimstart": {
            "version": "1.0.1",
            "resolved": "https://registry.npmjs.org/string.prototype.trimstart/-/string.prototype.trimstart-1.0.1.tgz",
            "integrity": "sha512-XxZn+QpvrBI1FOcg6dIpxUPgWCPuNXvMD72aaRaUQv1eD4e/Qy8i/hFTe0BUmD60p/QA6bh1avmuPTfNjqVWRw==",
            "requires": {
                "define-properties": "^1.1.3",
                "es-abstract": "^1.17.5"
            }
        },
        "supports-color": {
            "version": "5.4.0",
            "resolved": "https://registry.npmjs.org/supports-color/-/supports-color-5.4.0.tgz",
            "integrity": "sha512-zjaXglF5nnWpsq470jSv6P9DwPvgLkuapYmfDm3JWOm0vkNTVF2tI4UrN2r6jH1qM/uc/WtxYY1hYoA2dOKj5w==",
            "requires": {
                "has-flag": "^3.0.0"
            }
        },
        "through": {
            "version": "2.3.8",
            "resolved": "https://registry.npmjs.org/through/-/through-2.3.8.tgz",
            "integrity": "sha1-DdTJ/6q8NXlgsbckEV1+Doai4fU="
        },
        "timers-ext": {
            "version": "0.1.5",
            "resolved": "https://registry.npmjs.org/timers-ext/-/timers-ext-0.1.5.tgz",
            "integrity": "sha512-tsEStd7kmACHENhsUPaxb8Jf8/+GZZxyNFQbZD07HQOyooOa6At1rQqjffgvg7n+dxscQa9cjjMdWhJtsP2sxg==",
            "requires": {
                "es5-ext": "~0.10.14",
                "next-tick": "1"
            }
        },
        "which-boxed-primitive": {
            "version": "1.0.1",
            "resolved": "https://registry.npmjs.org/which-boxed-primitive/-/which-boxed-primitive-1.0.1.tgz",
            "integrity": "sha512-7BT4TwISdDGBgaemWU0N0OU7FeAEJ9Oo2P1PHRm/FCWoEi2VLWC9b6xvxAA3C/NMpxg3HXVgi0sMmGbNUbNepQ==",
            "requires": {
                "is-bigint": "^1.0.0",
                "is-boolean-object": "^1.0.0",
                "is-number-object": "^1.0.3",
                "is-string": "^1.0.4",
                "is-symbol": "^1.0.2"
            }
        },
        "which-collection": {
            "version": "1.0.1",
            "resolved": "https://registry.npmjs.org/which-collection/-/which-collection-1.0.1.tgz",
            "integrity": "sha512-W8xeTUwaln8i3K/cY1nGXzdnVZlidBcagyNFtBdD5kxnb4TvGKR7FfSIS3mYpwWS1QUCutfKz8IY8RjftB0+1A==",
            "requires": {
                "is-map": "^2.0.1",
                "is-set": "^2.0.1",
                "is-weakmap": "^2.0.1",
                "is-weakset": "^2.0.1"
            }
        },
        "xtend": {
            "version": "4.0.2",
            "resolved": "https://registry.npmjs.org/xtend/-/xtend-4.0.2.tgz",
            "integrity": "sha512-LKYU1iAXJXUgAXn9URjiu+MWhyUXHsvfp7mcuYm9dSUKK0/CjtrUwFAxD82/mCWbtLsGjFIad0wIsod4zrTAEQ=="
        }
    }
}
