{
	"name": "pg-diff-cli",
	"version": "2.4.5",
	"lockfileVersion": 3,
	"requires": true,
	"packages": {
		"": {
			"name": "pg-diff-cli",
			"version": "2.4.5",
			"license": "MIT",
			"dependencies": {
				"chalk": "4.1.0",
				"clui": "0.3.6",
				"figlet": "1.5.0",
				"pg-diff-api": "1.4.6"
			},
			"bin": {
				"pg-diff": "main.js"
			},
			"engines": {
				"node": ">=8.11.1"
			}
		},
		"node_modules/ansi-styles": {
			"version": "4.3.0",
			"resolved": "https://registry.npmjs.org/ansi-styles/-/ansi-styles-4.3.0.tgz",
			"integrity": "sha512-zbB9rCJAT1rbjiVDb2hqKFHNYLxgtk8NURxZ3IZwD3F6NtxbXZQCnnSi1Lkx+IDohdPlFp222wVALIheZJQSEg==",
			"license": "MIT",
			"dependencies": {
				"color-convert": "^2.0.1"
			},
			"engines": {
				"node": ">=8"
			},
			"funding": {
				"url": "https://github.com/chalk/ansi-styles?sponsor=1"
			}
		},
		"node_modules/available-typed-arrays": {
			"version": "1.0.4",
			"resolved": "https://registry.npmjs.org/available-typed-arrays/-/available-typed-arrays-1.0.4.tgz",
			"integrity": "sha512-SA5mXJWrId1TaQjfxUYghbqQ/hYioKmLJvPJyDuYRtXXenFNMjj4hSSt1Cf1xsuXSXrtxrVC5Ot4eU6cOtBDdA==",
			"license": "MIT",
			"engines": {
				"node": ">= 0.4"
			},
			"funding": {
				"url": "https://github.com/sponsors/ljharb"
			}
		},
		"node_modules/buffer-writer": {
			"version": "2.0.0",
			"resolved": "https://registry.npmjs.org/buffer-writer/-/buffer-writer-2.0.0.tgz",
			"integrity": "sha512-a7ZpuTZU1TRtnwyCNW3I5dc0wWNC3VR9S++Ewyk2HHZdrO3CQJqSpd+95Us590V6AL7JqUAH2IwZ/398PmNFgw==",
			"license": "MIT",
			"engines": {
				"node": ">=4"
			}
		},
		"node_modules/call-bind": {
			"version": "1.0.2",
			"resolved": "https://registry.npmjs.org/call-bind/-/call-bind-1.0.2.tgz",
			"integrity": "sha512-7O+FbCihrB5WGbFYesctwmTKae6rOiIzmz1icreWJ+0aA7LJfuqhEso2T9ncpcFtzMQtzXf2QGGueWJGTYsqrA==",
			"license": "MIT",
			"dependencies": {
				"function-bind": "^1.1.1",
				"get-intrinsic": "^1.0.2"
			},
			"funding": {
				"url": "https://github.com/sponsors/ljharb"
			}
		},
		"node_modules/chalk": {
			"version": "4.1.0",
			"resolved": "https://registry.npmjs.org/chalk/-/chalk-4.1.0.tgz",
			"integrity": "sha512-qwx12AxXe2Q5xQ43Ac//I6v5aXTipYrSESdOgzrN+9XjgEpyjpKuvSGaN4qE93f7TQTlerQQ8S+EQ0EyDoVL1A==",
			"license": "MIT",
			"dependencies": {
				"ansi-styles": "^4.1.0",
				"supports-color": "^7.1.0"
			},
			"engines": {
				"node": ">=10"
			},
			"funding": {
				"url": "https://github.com/chalk/chalk?sponsor=1"
			}
		},
		"node_modules/cli-color": {
			"version": "0.3.2",
			"resolved": "https://registry.npmjs.org/cli-color/-/cli-color-0.3.2.tgz",
			"integrity": "sha1-dfpfcowwjMSsWUsF4GzF2A2szYY=",
			"dependencies": {
				"d": "~0.1.1",
				"es5-ext": "~0.10.2",
				"memoizee": "0.3.x",
				"timers-ext": "0.1.x"
			}
		},
		"node_modules/clui": {
			"version": "0.3.6",
			"resolved": "https://registry.npmjs.org/clui/-/clui-0.3.6.tgz",
			"integrity": "sha512-Z4UbgZILlIAjkEkZiDOa2aoYjohKx7fa6DxIh6cE9A6WNWZ61iXfQc6CmdC9SKdS5nO0P0UyQ+WfoXfB65e3HQ==",
			"dependencies": {
				"cli-color": "0.3.2"
			}
		},
		"node_modules/color-convert": {
			"version": "2.0.1",
			"resolved": "https://registry.npmjs.org/color-convert/-/color-convert-2.0.1.tgz",
			"integrity": "sha512-RRECPsj7iu/xb5oKYcsFHSppFNnsj/52OVTRKb4zP5onXwVF3zVmmToNcOfGC+CRDpfK/U584fMg38ZHCaElKQ==",
			"license": "MIT",
			"dependencies": {
				"color-name": "~1.1.4"
			},
			"engines": {
				"node": ">=7.0.0"
			}
		},
		"node_modules/color-name": {
			"version": "1.1.4",
			"resolved": "https://registry.npmjs.org/color-name/-/color-name-1.1.4.tgz",
			"integrity": "sha512-dOy+3AuW3a2wNbZHIuMZpTcgjGuLU/uBL/ubcZF9OXbDo8ff4O8yVp5Bf0efS8uEoYo5q4Fx7dY9OgQGXgAsQA==",
			"license": "MIT"
		},
		"node_modules/d": {
			"version": "0.1.1",
			"resolved": "https://registry.npmjs.org/d/-/d-0.1.1.tgz",
			"integrity": "sha1-2hhMU10Y2O57oqoim5FACfrhEwk=",
			"license": "MIT",
			"dependencies": {
				"es5-ext": "~0.10.2"
			}
		},
		"node_modules/deep-equal": {
			"version": "2.0.5",
			"resolved": "https://registry.npmjs.org/deep-equal/-/deep-equal-2.0.5.tgz",
			"integrity": "sha512-nPiRgmbAtm1a3JsnLCf6/SLfXcjyN5v8L1TXzdCmHrXJ4hx+gW/w1YCcn7z8gJtSiDArZCgYtbao3QqLm/N1Sw==",
			"license": "MIT",
			"dependencies": {
				"call-bind": "^1.0.0",
				"es-get-iterator": "^1.1.1",
				"get-intrinsic": "^1.0.1",
				"is-arguments": "^1.0.4",
				"is-date-object": "^1.0.2",
				"is-regex": "^1.1.1",
				"isarray": "^2.0.5",
				"object-is": "^1.1.4",
				"object-keys": "^1.1.1",
				"object.assign": "^4.1.2",
				"regexp.prototype.flags": "^1.3.0",
				"side-channel": "^1.0.3",
				"which-boxed-primitive": "^1.0.1",
				"which-collection": "^1.0.1",
				"which-typed-array": "^1.1.2"
			},
			"funding": {
				"url": "https://github.com/sponsors/ljharb"
			}
		},
		"node_modules/define-properties": {
			"version": "1.1.3",
			"resolved": "https://registry.npmjs.org/define-properties/-/define-properties-1.1.3.tgz",
			"integrity": "sha512-3MqfYKj2lLzdMSf8ZIZE/V+Zuy+BgD6f164e8K2w7dgnpKArBDerGYpM46IYYcjnkdPNMjPk9A6VFB8+3SKlXQ==",
			"license": "MIT",
			"dependencies": {
				"object-keys": "^1.0.12"
			},
			"engines": {
				"node": ">= 0.4"
			}
		},
		"node_modules/es-abstract": {
			"version": "1.18.3",
			"resolved": "https://registry.npmjs.org/es-abstract/-/es-abstract-1.18.3.tgz",
			"integrity": "sha512-nQIr12dxV7SSxE6r6f1l3DtAeEYdsGpps13dR0TwJg1S8gyp4ZPgy3FZcHBgbiQqnoqSTb+oC+kO4UQ0C/J8vw==",
			"license": "MIT",
			"dependencies": {
				"call-bind": "^1.0.2",
				"es-to-primitive": "^1.2.1",
				"function-bind": "^1.1.1",
				"get-intrinsic": "^1.1.1",
				"has": "^1.0.3",
				"has-symbols": "^1.0.2",
				"is-callable": "^1.2.3",
				"is-negative-zero": "^2.0.1",
				"is-regex": "^1.1.3",
				"is-string": "^1.0.6",
				"object-inspect": "^1.10.3",
				"object-keys": "^1.1.1",
				"object.assign": "^4.1.2",
				"string.prototype.trimend": "^1.0.4",
				"string.prototype.trimstart": "^1.0.4",
				"unbox-primitive": "^1.0.1"
			},
			"engines": {
				"node": ">= 0.4"
			},
			"funding": {
				"url": "https://github.com/sponsors/ljharb"
			}
		},
		"node_modules/es-get-iterator": {
			"version": "1.1.2",
			"resolved": "https://registry.npmjs.org/es-get-iterator/-/es-get-iterator-1.1.2.tgz",
			"integrity": "sha512-+DTO8GYwbMCwbywjimwZMHp8AuYXOS2JZFWoi2AlPOS3ebnII9w/NLpNZtA7A0YLaVDw+O7KFCeoIV7OPvM7hQ==",
			"license": "MIT",
			"dependencies": {
				"call-bind": "^1.0.2",
				"get-intrinsic": "^1.1.0",
				"has-symbols": "^1.0.1",
				"is-arguments": "^1.1.0",
				"is-map": "^2.0.2",
				"is-set": "^2.0.2",
				"is-string": "^1.0.5",
				"isarray": "^2.0.5"
			},
			"funding": {
				"url": "https://github.com/sponsors/ljharb"
			}
		},
		"node_modules/es-to-primitive": {
			"version": "1.2.1",
			"resolved": "https://registry.npmjs.org/es-to-primitive/-/es-to-primitive-1.2.1.tgz",
			"integrity": "sha512-QCOllgZJtaUo9miYBcLChTUaHNjJF3PYs1VidD7AwiEj1kYxKeQTctLAezAOH5ZKRH0g2IgPn6KwB4IT8iRpvA==",
			"license": "MIT",
			"dependencies": {
				"is-callable": "^1.1.4",
				"is-date-object": "^1.0.1",
				"is-symbol": "^1.0.2"
			},
			"engines": {
				"node": ">= 0.4"
			},
			"funding": {
				"url": "https://github.com/sponsors/ljharb"
			}
		},
		"node_modules/es5-ext": {
			"version": "0.10.53",
			"resolved": "https://registry.npmjs.org/es5-ext/-/es5-ext-0.10.53.tgz",
			"integrity": "sha512-Xs2Stw6NiNHWypzRTY1MtaG/uJlwCk8kH81920ma8mvN8Xq1gsfhZvpkImLQArw8AHnv8MT2I45J3c0R8slE+Q==",
			"license": "ISC",
			"dependencies": {
				"es6-iterator": "~2.0.3",
				"es6-symbol": "~3.1.3",
				"next-tick": "~1.0.0"
			}
		},
		"node_modules/es5-ext/node_modules/d": {
			"version": "1.0.1",
			"resolved": "https://registry.npmjs.org/d/-/d-1.0.1.tgz",
			"integrity": "sha512-m62ShEObQ39CfralilEQRjH6oAMtNCV1xJyEx5LpRYUVN+EviphDgUc/F3hnYbADmkiNs67Y+3ylmlG7Lnu+FA==",
			"license": "ISC",
			"dependencies": {
				"es5-ext": "^0.10.50",
				"type": "^1.0.1"
			}
		},
		"node_modules/es5-ext/node_modules/es6-symbol": {
			"version": "3.1.3",
			"resolved": "https://registry.npmjs.org/es6-symbol/-/es6-symbol-3.1.3.tgz",
			"integrity": "sha512-NJ6Yn3FuDinBaBRWl/q5X/s4koRHBrgKAu+yGI6JCBeiu3qrcbJhwT2GeR/EXVfylRk8dpQVJoLEFhK+Mu31NA==",
			"license": "ISC",
			"dependencies": {
				"d": "^1.0.1",
				"ext": "^1.1.2"
			}
		},
		"node_modules/es6-iterator": {
			"version": "2.0.3",
			"resolved": "https://registry.npmjs.org/es6-iterator/-/es6-iterator-2.0.3.tgz",
			"integrity": "sha1-p96IkUGgWpSwhUQDstCg+/qY87c=",
			"license": "MIT",
			"dependencies": {
				"d": "1",
				"es5-ext": "^0.10.35",
				"es6-symbol": "^3.1.1"
			}
		},
		"node_modules/es6-iterator/node_modules/d": {
			"version": "1.0.1",
			"resolved": "https://registry.npmjs.org/d/-/d-1.0.1.tgz",
			"integrity": "sha512-m62ShEObQ39CfralilEQRjH6oAMtNCV1xJyEx5LpRYUVN+EviphDgUc/F3hnYbADmkiNs67Y+3ylmlG7Lnu+FA==",
			"license": "ISC",
			"dependencies": {
				"es5-ext": "^0.10.50",
				"type": "^1.0.1"
			}
		},
		"node_modules/es6-iterator/node_modules/es6-symbol": {
			"version": "3.1.3",
			"resolved": "https://registry.npmjs.org/es6-symbol/-/es6-symbol-3.1.3.tgz",
			"integrity": "sha512-NJ6Yn3FuDinBaBRWl/q5X/s4koRHBrgKAu+yGI6JCBeiu3qrcbJhwT2GeR/EXVfylRk8dpQVJoLEFhK+Mu31NA==",
			"license": "ISC",
			"dependencies": {
				"d": "^1.0.1",
				"ext": "^1.1.2"
			}
		},
		"node_modules/es6-symbol": {
			"version": "2.0.1",
			"resolved": "https://registry.npmjs.org/es6-symbol/-/es6-symbol-2.0.1.tgz",
			"integrity": "sha1-dhtcZ8/U8dGK+yNPaR1nhoLLO/M=",
			"license": "MIT",
			"dependencies": {
				"d": "~0.1.1",
				"es5-ext": "~0.10.5"
			}
		},
		"node_modules/es6-weak-map": {
			"version": "0.1.4",
			"resolved": "https://registry.npmjs.org/es6-weak-map/-/es6-weak-map-0.1.4.tgz",
			"integrity": "sha1-cGzvnpmqI2undmwjnIueKG6n0ig=",
			"license": "MIT",
			"dependencies": {
				"d": "~0.1.1",
				"es5-ext": "~0.10.6",
				"es6-iterator": "~0.1.3",
				"es6-symbol": "~2.0.1"
			}
		},
		"node_modules/es6-weak-map/node_modules/es6-iterator": {
			"version": "0.1.3",
			"resolved": "https://registry.npmjs.org/es6-iterator/-/es6-iterator-0.1.3.tgz",
			"integrity": "sha1-1vWLjE/EE8JJtLqhl2j45NfIlE4=",
			"license": "MIT",
			"dependencies": {
				"d": "~0.1.1",
				"es5-ext": "~0.10.5",
				"es6-symbol": "~2.0.1"
			}
		},
		"node_modules/event-emitter": {
			"version": "0.3.5",
			"resolved": "https://registry.npmjs.org/event-emitter/-/event-emitter-0.3.5.tgz",
			"integrity": "sha1-34xp7vFkeSPHFXuc6DhAYQsCzDk=",
			"license": "MIT",
			"dependencies": {
				"d": "1",
				"es5-ext": "~0.10.14"
			}
		},
		"node_modules/event-emitter/node_modules/d": {
			"version": "1.0.1",
			"resolved": "https://registry.npmjs.org/d/-/d-1.0.1.tgz",
			"integrity": "sha512-m62ShEObQ39CfralilEQRjH6oAMtNCV1xJyEx5LpRYUVN+EviphDgUc/F3hnYbADmkiNs67Y+3ylmlG7Lnu+FA==",
			"license": "ISC",
			"dependencies": {
				"es5-ext": "^0.10.50",
				"type": "^1.0.1"
			}
		},
		"node_modules/ext": {
			"version": "1.4.0",
			"resolved": "https://registry.npmjs.org/ext/-/ext-1.4.0.tgz",
			"integrity": "sha512-Key5NIsUxdqKg3vIsdw9dSuXpPCQ297y6wBjL30edxwPgt2E44WcWBZey/ZvUc6sERLTxKdyCu4gZFmUbk1Q7A==",
			"license": "ISC",
			"dependencies": {
				"type": "^2.0.0"
			}
		},
		"node_modules/ext/node_modules/type": {
			"version": "2.5.0",
			"resolved": "https://registry.npmjs.org/type/-/type-2.5.0.tgz",
			"integrity": "sha512-180WMDQaIMm3+7hGXWf12GtdniDEy7nYcyFMKJn/eZz/6tSLXrUN9V0wKSbMjej0I1WHWbpREDEKHtqPQa9NNw==",
			"license": "ISC"
		},
		"node_modules/figlet": {
			"version": "1.5.0",
			"resolved": "https://registry.npmjs.org/figlet/-/figlet-1.5.0.tgz",
			"integrity": "sha512-ZQJM4aifMpz6H19AW1VqvZ7l4pOE9p7i/3LyxgO2kp+PO/VcDYNqIHEMtkccqIhTXMKci4kjueJr/iCQEaT/Ww==",
			"license": "MIT",
			"engines": {
				"node": ">= 0.4.0"
			}
		},
		"node_modules/foreach": {
			"version": "2.0.5",
			"resolved": "https://registry.npmjs.org/foreach/-/foreach-2.0.5.tgz",
			"integrity": "sha1-C+4AUBiusmDQo6865ljdATbsG5k=",
			"license": "MIT"
		},
		"node_modules/function-bind": {
			"version": "1.1.1",
			"resolved": "https://registry.npmjs.org/function-bind/-/function-bind-1.1.1.tgz",
			"integrity": "sha512-yIovAzMX49sF8Yl58fSCWJ5svSLuaibPxXQJFLmBObTuCr0Mf1KiPopGM9NiFjiYBCbfaa2Fh6breQ6ANVTI0A==",
			"license": "MIT"
		},
		"node_modules/get-intrinsic": {
			"version": "1.1.1",
			"resolved": "https://registry.npmjs.org/get-intrinsic/-/get-intrinsic-1.1.1.tgz",
			"integrity": "sha512-kWZrnVM42QCiEA2Ig1bG8zjoIMOgxWwYCEeNdwY6Tv/cOSeGpcoX4pXHfKUxNKVoArnrEr2e9srnAxxGIraS9Q==",
			"license": "MIT",
			"dependencies": {
				"function-bind": "^1.1.1",
				"has": "^1.0.3",
				"has-symbols": "^1.0.1"
			},
			"funding": {
				"url": "https://github.com/sponsors/ljharb"
			}
		},
		"node_modules/has": {
			"version": "1.0.3",
			"resolved": "https://registry.npmjs.org/has/-/has-1.0.3.tgz",
			"integrity": "sha512-f2dvO0VU6Oej7RkWJGrehjbzMAjFp5/VKPp5tTpWIV4JHHZK1/BxbFRtf/siA2SWTe09caDmVtYYzWEIbBS4zw==",
			"license": "MIT",
			"dependencies": {
				"function-bind": "^1.1.1"
			},
			"engines": {
				"node": ">= 0.4.0"
			}
		},
		"node_modules/has-bigints": {
			"version": "1.0.1",
			"resolved": "https://registry.npmjs.org/has-bigints/-/has-bigints-1.0.1.tgz",
			"integrity": "sha512-LSBS2LjbNBTf6287JEbEzvJgftkF5qFkmCo9hDRpAzKhUOlJ+hx8dd4USs00SgsUNwc4617J9ki5YtEClM2ffA==",
			"license": "MIT",
			"funding": {
				"url": "https://github.com/sponsors/ljharb"
			}
		},
		"node_modules/has-flag": {
			"version": "4.0.0",
			"resolved": "https://registry.npmjs.org/has-flag/-/has-flag-4.0.0.tgz",
			"integrity": "sha512-EykJT/Q1KjTWctppgIAgfSO0tKVuZUjhgMr17kqTumMl6Afv3EISleU7qZUzoXDFTAHTDC4NOoG/ZxU3EvlMPQ==",
			"license": "MIT",
			"engines": {
				"node": ">=8"
			}
		},
		"node_modules/has-symbols": {
			"version": "1.0.2",
			"resolved": "https://registry.npmjs.org/has-symbols/-/has-symbols-1.0.2.tgz",
			"integrity": "sha512-chXa79rL/UC2KlX17jo3vRGz0azaWEx5tGqZg5pO3NUyEJVB17dMruQlzCCOfUvElghKcm5194+BCRvi2Rv/Gw==",
			"license": "MIT",
			"engines": {
				"node": ">= 0.4"
			},
			"funding": {
				"url": "https://github.com/sponsors/ljharb"
			}
		},
		"node_modules/inherits": {
			"version": "2.0.4",
			"resolved": "https://registry.npmjs.org/inherits/-/inherits-2.0.4.tgz",
			"integrity": "sha512-k/vGaX4/Yla3WzyMCvTQOXYeIHvqOKtnqBduzTHpzpQZzAskKMhZ2K+EnBiSM9zGSoIFeMpXKxa4dYeZIQqewQ==",
			"license": "ISC"
		},
		"node_modules/is-arguments": {
			"version": "1.1.0",
			"resolved": "https://registry.npmjs.org/is-arguments/-/is-arguments-1.1.0.tgz",
			"integrity": "sha512-1Ij4lOMPl/xB5kBDn7I+b2ttPMKa8szhEIrXDuXQD/oe3HJLTLhqhgGspwgyGd6MOywBUqVvYicF72lkgDnIHg==",
			"license": "MIT",
			"dependencies": {
				"call-bind": "^1.0.0"
			},
			"engines": {
				"node": ">= 0.4"
			},
			"funding": {
				"url": "https://github.com/sponsors/ljharb"
			}
		},
		"node_modules/is-bigint": {
			"version": "1.0.2",
			"resolved": "https://registry.npmjs.org/is-bigint/-/is-bigint-1.0.2.tgz",
			"integrity": "sha512-0JV5+SOCQkIdzjBK9buARcV804Ddu7A0Qet6sHi3FimE9ne6m4BGQZfRn+NZiXbBk4F4XmHfDZIipLj9pX8dSA==",
			"license": "MIT",
			"funding": {
				"url": "https://github.com/sponsors/ljharb"
			}
		},
		"node_modules/is-boolean-object": {
			"version": "1.1.1",
			"resolved": "https://registry.npmjs.org/is-boolean-object/-/is-boolean-object-1.1.1.tgz",
			"integrity": "sha512-bXdQWkECBUIAcCkeH1unwJLIpZYaa5VvuygSyS/c2lf719mTKZDU5UdDRlpd01UjADgmW8RfqaP+mRaVPdr/Ng==",
			"license": "MIT",
			"dependencies": {
				"call-bind": "^1.0.2"
			},
			"engines": {
				"node": ">= 0.4"
			},
			"funding": {
				"url": "https://github.com/sponsors/ljharb"
			}
		},
		"node_modules/is-callable": {
			"version": "1.2.3",
			"resolved": "https://registry.npmjs.org/is-callable/-/is-callable-1.2.3.tgz",
			"integrity": "sha512-J1DcMe8UYTBSrKezuIUTUwjXsho29693unXM2YhJUTR2txK/eG47bvNa/wipPFmZFgr/N6f1GA66dv0mEyTIyQ==",
			"license": "MIT",
			"engines": {
				"node": ">= 0.4"
			},
			"funding": {
				"url": "https://github.com/sponsors/ljharb"
			}
		},
		"node_modules/is-date-object": {
			"version": "1.0.4",
			"resolved": "https://registry.npmjs.org/is-date-object/-/is-date-object-1.0.4.tgz",
			"integrity": "sha512-/b4ZVsG7Z5XVtIxs/h9W8nvfLgSAyKYdtGWQLbqy6jA1icmgjf8WCoTKgeS4wy5tYaPePouzFMANbnj94c2Z+A==",
			"license": "MIT",
			"engines": {
				"node": ">= 0.4"
			},
			"funding": {
				"url": "https://github.com/sponsors/ljharb"
			}
		},
		"node_modules/is-map": {
			"version": "2.0.2",
			"resolved": "https://registry.npmjs.org/is-map/-/is-map-2.0.2.tgz",
			"integrity": "sha512-cOZFQQozTha1f4MxLFzlgKYPTyj26picdZTx82hbc/Xf4K/tZOOXSCkMvU4pKioRXGDLJRn0GM7Upe7kR721yg==",
			"license": "MIT",
			"funding": {
				"url": "https://github.com/sponsors/ljharb"
			}
		},
		"node_modules/is-negative-zero": {
			"version": "2.0.1",
			"resolved": "https://registry.npmjs.org/is-negative-zero/-/is-negative-zero-2.0.1.tgz",
			"integrity": "sha512-2z6JzQvZRa9A2Y7xC6dQQm4FSTSTNWjKIYYTt4246eMTJmIo0Q+ZyOsU66X8lxK1AbB92dFeglPLrhwpeRKO6w==",
			"license": "MIT",
			"engines": {
				"node": ">= 0.4"
			},
			"funding": {
				"url": "https://github.com/sponsors/ljharb"
			}
		},
		"node_modules/is-number-object": {
			"version": "1.0.5",
			"resolved": "https://registry.npmjs.org/is-number-object/-/is-number-object-1.0.5.tgz",
			"integrity": "sha512-RU0lI/n95pMoUKu9v1BZP5MBcZuNSVJkMkAG2dJqC4z2GlkGUNeH68SuHuBKBD/XFe+LHZ+f9BKkLET60Niedw==",
			"license": "MIT",
			"engines": {
				"node": ">= 0.4"
			},
			"funding": {
				"url": "https://github.com/sponsors/ljharb"
			}
		},
		"node_modules/is-regex": {
			"version": "1.1.3",
			"resolved": "https://registry.npmjs.org/is-regex/-/is-regex-1.1.3.tgz",
			"integrity": "sha512-qSVXFz28HM7y+IWX6vLCsexdlvzT1PJNFSBuaQLQ5o0IEw8UDYW6/2+eCMVyIsbM8CNLX2a/QWmSpyxYEHY7CQ==",
			"license": "MIT",
			"dependencies": {
				"call-bind": "^1.0.2",
				"has-symbols": "^1.0.2"
			},
			"engines": {
				"node": ">= 0.4"
			},
			"funding": {
				"url": "https://github.com/sponsors/ljharb"
			}
		},
		"node_modules/is-set": {
			"version": "2.0.2",
			"resolved": "https://registry.npmjs.org/is-set/-/is-set-2.0.2.tgz",
			"integrity": "sha512-+2cnTEZeY5z/iXGbLhPrOAaK/Mau5k5eXq9j14CpRTftq0pAJu2MwVRSZhyZWBzx3o6X795Lz6Bpb6R0GKf37g==",
			"license": "MIT",
			"funding": {
				"url": "https://github.com/sponsors/ljharb"
			}
		},
		"node_modules/is-string": {
			"version": "1.0.6",
			"resolved": "https://registry.npmjs.org/is-string/-/is-string-1.0.6.tgz",
			"integrity": "sha512-2gdzbKUuqtQ3lYNrUTQYoClPhm7oQu4UdpSZMp1/DGgkHBT8E2Z1l0yMdb6D4zNAxwDiMv8MdulKROJGNl0Q0w==",
			"license": "MIT",
			"engines": {
				"node": ">= 0.4"
			},
			"funding": {
				"url": "https://github.com/sponsors/ljharb"
			}
		},
		"node_modules/is-symbol": {
			"version": "1.0.4",
			"resolved": "https://registry.npmjs.org/is-symbol/-/is-symbol-1.0.4.tgz",
			"integrity": "sha512-C/CPBqKWnvdcxqIARxyOh4v1UUEOCHpgDa0WYgpKDFMszcrPcffg5uhwSgPCLD2WWxmq6isisz87tzT01tuGhg==",
			"license": "MIT",
			"dependencies": {
				"has-symbols": "^1.0.2"
			},
			"engines": {
				"node": ">= 0.4"
			},
			"funding": {
				"url": "https://github.com/sponsors/ljharb"
			}
		},
		"node_modules/is-typed-array": {
			"version": "1.1.5",
			"resolved": "https://registry.npmjs.org/is-typed-array/-/is-typed-array-1.1.5.tgz",
			"integrity": "sha512-S+GRDgJlR3PyEbsX/Fobd9cqpZBuvUS+8asRqYDMLCb2qMzt1oz5m5oxQCxOgUDxiWsOVNi4yaF+/uvdlHlYug==",
			"license": "MIT",
			"dependencies": {
				"available-typed-arrays": "^1.0.2",
				"call-bind": "^1.0.2",
				"es-abstract": "^1.18.0-next.2",
				"foreach": "^2.0.5",
				"has-symbols": "^1.0.1"
			},
			"engines": {
				"node": ">= 0.4"
			},
			"funding": {
				"url": "https://github.com/sponsors/ljharb"
			}
		},
		"node_modules/is-weakmap": {
			"version": "2.0.1",
			"resolved": "https://registry.npmjs.org/is-weakmap/-/is-weakmap-2.0.1.tgz",
			"integrity": "sha512-NSBR4kH5oVj1Uwvv970ruUkCV7O1mzgVFO4/rev2cLRda9Tm9HrL70ZPut4rOHgY0FNrUu9BCbXA2sdQ+x0chA==",
			"license": "MIT",
			"funding": {
				"url": "https://github.com/sponsors/ljharb"
			}
		},
		"node_modules/is-weakset": {
			"version": "2.0.1",
			"resolved": "https://registry.npmjs.org/is-weakset/-/is-weakset-2.0.1.tgz",
			"integrity": "sha512-pi4vhbhVHGLxohUw7PhGsueT4vRGFoXhP7+RGN0jKIv9+8PWYCQTqtADngrxOm2g46hoH0+g8uZZBzMrvVGDmw==",
			"license": "MIT",
			"funding": {
				"url": "https://github.com/sponsors/ljharb"
			}
		},
		"node_modules/isarray": {
			"version": "2.0.5",
			"resolved": "https://registry.npmjs.org/isarray/-/isarray-2.0.5.tgz",
			"integrity": "sha512-xHjhDr3cNBK0BzdUJSPXZntQUx/mwMS5Rw4A7lPJ90XGAO6ISP/ePDNuo0vhqOZU+UD5JoodwCAAoZQd3FeAKw==",
			"license": "MIT"
		},
		"node_modules/line-by-line": {
			"version": "0.1.6",
			"resolved": "https://registry.npmjs.org/line-by-line/-/line-by-line-0.1.6.tgz",
			"integrity": "sha512-MmwVPfOyp0lWnEZ3fBA8Ah4pMFvxO6WgWovqZNu7Y4J0TNnGcsV4S1LzECHbdgqk1hoHc2mFP1Axc37YUqwafg==",
			"engines": {
				"node": ">=4.0.0"
			}
		},
		"node_modules/lru-queue": {
			"version": "0.1.0",
			"resolved": "https://registry.npmjs.org/lru-queue/-/lru-queue-0.1.0.tgz",
			"integrity": "sha1-Jzi9nw089PhEkMVzbEhpmsYyzaM=",
			"license": "MIT",
			"dependencies": {
				"es5-ext": "~0.10.2"
			}
		},
		"node_modules/memoizee": {
			"version": "0.3.10",
			"resolved": "https://registry.npmjs.org/memoizee/-/memoizee-0.3.10.tgz",
			"integrity": "sha1-TsoNiu057J0Bf0xcLy9kMvQuXI8=",
			"license": "MIT",
			"dependencies": {
				"d": "~0.1.1",
				"es5-ext": "~0.10.11",
				"es6-weak-map": "~0.1.4",
				"event-emitter": "~0.3.4",
				"lru-queue": "0.1",
				"next-tick": "~0.2.2",
				"timers-ext": "0.1"
			}
		},
		"node_modules/memoizee/node_modules/next-tick": {
			"version": "0.2.2",
			"resolved": "https://registry.npmjs.org/next-tick/-/next-tick-0.2.2.tgz",
			"integrity": "sha1-ddpKkn7liH45BliABltzNkE7MQ0=",
			"license": "MIT"
		},
		"node_modules/next-tick": {
			"version": "1.0.0",
			"resolved": "https://registry.npmjs.org/next-tick/-/next-tick-1.0.0.tgz",
			"integrity": "sha1-yobR/ogoFpsBICCOPchCS524NCw=",
			"license": "MIT"
		},
		"node_modules/object-inspect": {
			"version": "1.10.3",
			"resolved": "https://registry.npmjs.org/object-inspect/-/object-inspect-1.10.3.tgz",
			"integrity": "sha512-e5mCJlSH7poANfC8z8S9s9S2IN5/4Zb3aZ33f5s8YqoazCFzNLloLU8r5VCG+G7WoqLvAAZoVMcy3tp/3X0Plw==",
			"license": "MIT",
			"funding": {
				"url": "https://github.com/sponsors/ljharb"
			}
		},
		"node_modules/object-is": {
			"version": "1.1.5",
			"resolved": "https://registry.npmjs.org/object-is/-/object-is-1.1.5.tgz",
			"integrity": "sha512-3cyDsyHgtmi7I7DfSSI2LDp6SK2lwvtbg0p0R1e0RvTqF5ceGx+K2dfSjm1bKDMVCFEDAQvy+o8c6a7VujOddw==",
			"license": "MIT",
			"dependencies": {
				"call-bind": "^1.0.2",
				"define-properties": "^1.1.3"
			},
			"engines": {
				"node": ">= 0.4"
			},
			"funding": {
				"url": "https://github.com/sponsors/ljharb"
			}
		},
		"node_modules/object-keys": {
			"version": "1.1.1",
			"resolved": "https://registry.npmjs.org/object-keys/-/object-keys-1.1.1.tgz",
			"integrity": "sha512-NuAESUOUMrlIXOfHKzD6bpPu3tYt3xvjNdRIQ+FeT0lNb4K8WR70CaDxhuNguS2XG+GjkyMwOzsN5ZktImfhLA==",
			"license": "MIT",
			"engines": {
				"node": ">= 0.4"
			}
		},
		"node_modules/object.assign": {
			"version": "4.1.2",
			"resolved": "https://registry.npmjs.org/object.assign/-/object.assign-4.1.2.tgz",
			"integrity": "sha512-ixT2L5THXsApyiUPYKmW+2EHpXXe5Ii3M+f4e+aJFAHao5amFRW6J0OO6c/LU8Be47utCx2GL89hxGB6XSmKuQ==",
			"license": "MIT",
			"dependencies": {
				"call-bind": "^1.0.0",
				"define-properties": "^1.1.3",
				"has-symbols": "^1.0.1",
				"object-keys": "^1.1.1"
			},
			"engines": {
				"node": ">= 0.4"
			},
			"funding": {
				"url": "https://github.com/sponsors/ljharb"
			}
		},
		"node_modules/packet-reader": {
			"version": "1.0.0",
			"resolved": "https://registry.npmjs.org/packet-reader/-/packet-reader-1.0.0.tgz",
			"integrity": "sha512-HAKu/fG3HpHFO0AA8WE8q2g+gBJaZ9MG7fcKk+IJPLTGAD6Psw4443l+9DGRbOIh3/aXr7Phy0TjilYivJo5XQ==",
			"license": "MIT"
		},
		"node_modules/pg": {
			"version": "8.5.1",
			"resolved": "https://registry.npmjs.org/pg/-/pg-8.5.1.tgz",
			"integrity": "sha512-9wm3yX9lCfjvA98ybCyw2pADUivyNWT/yIP4ZcDVpMN0og70BUWYEGXPCTAQdGTAqnytfRADb7NERrY1qxhIqw==",
			"license": "MIT",
			"dependencies": {
				"buffer-writer": "2.0.0",
				"packet-reader": "1.0.0",
				"pg-connection-string": "^2.4.0",
				"pg-pool": "^3.2.2",
				"pg-protocol": "^1.4.0",
				"pg-types": "^2.1.0",
				"pgpass": "1.x"
			},
			"engines": {
				"node": ">= 8.0.0"
			},
			"peerDependencies": {
				"pg-native": ">=2.0.0"
			},
			"peerDependenciesMeta": {
				"pg-native": {
					"optional": true
				}
			}
		},
		"node_modules/pg-connection-string": {
			"version": "2.5.0",
			"resolved": "https://registry.npmjs.org/pg-connection-string/-/pg-connection-string-2.5.0.tgz",
			"integrity": "sha512-r5o/V/ORTA6TmUnyWZR9nCj1klXCO2CEKNRlVuJptZe85QuhFayC7WeMic7ndayT5IRIR0S0xFxFi2ousartlQ==",
			"license": "MIT"
		},
		"node_modules/pg-diff-api": {
			"version": "1.4.6",
			"resolved": "https://registry.npmjs.org/pg-diff-api/-/pg-diff-api-1.4.6.tgz",
			"integrity": "sha512-OK/0AdLYuqjEeBBxZ88PDTcIzspwqLMJeUYudtsljf4JbmFA6LUaiy6TMsTQkok6dgYYrDVUr844Jwsb2VO7HA==",
			"dependencies": {
				"deep-equal": "2.0.5",
				"line-by-line": "0.1.6",
				"pg": "8.5.1"
			},
			"engines": {
				"node": ">=8.11.1"
			}
		},
		"node_modules/pg-int8": {
			"version": "1.0.1",
			"resolved": "https://registry.npmjs.org/pg-int8/-/pg-int8-1.0.1.tgz",
			"integrity": "sha512-WCtabS6t3c8SkpDBUlb1kjOs7l66xsGdKpIPZsg4wR+B3+u9UAum2odSsF9tnvxg80h4ZxLWMy4pRjOsFIqQpw==",
			"license": "ISC",
			"engines": {
				"node": ">=4.0.0"
			}
		},
		"node_modules/pg-pool": {
			"version": "3.3.0",
			"resolved": "https://registry.npmjs.org/pg-pool/-/pg-pool-3.3.0.tgz",
			"integrity": "sha512-0O5huCql8/D6PIRFAlmccjphLYWC+JIzvUhSzXSpGaf+tjTZc4nn+Lr7mLXBbFJfvwbP0ywDv73EiaBsxn7zdg==",
			"license": "MIT",
			"peerDependencies": {
				"pg": ">=8.0"
			}
		},
		"node_modules/pg-protocol": {
			"version": "1.5.0",
			"resolved": "https://registry.npmjs.org/pg-protocol/-/pg-protocol-1.5.0.tgz",
			"integrity": "sha512-muRttij7H8TqRNu/DxrAJQITO4Ac7RmX3Klyr/9mJEOBeIpgnF8f9jAfRz5d3XwQZl5qBjF9gLsUtMPJE0vezQ==",
			"license": "MIT"
		},
		"node_modules/pg-types": {
			"version": "2.2.0",
			"resolved": "https://registry.npmjs.org/pg-types/-/pg-types-2.2.0.tgz",
			"integrity": "sha512-qTAAlrEsl8s4OiEQY69wDvcMIdQN6wdz5ojQiOy6YRMuynxenON0O5oCpJI6lshc6scgAY8qvJ2On/p+CXY0GA==",
			"license": "MIT",
			"dependencies": {
				"pg-int8": "1.0.1",
				"postgres-array": "~2.0.0",
				"postgres-bytea": "~1.0.0",
				"postgres-date": "~1.0.4",
				"postgres-interval": "^1.1.0"
			},
			"engines": {
				"node": ">=4"
			}
		},
		"node_modules/pgpass": {
			"version": "1.0.4",
			"resolved": "https://registry.npmjs.org/pgpass/-/pgpass-1.0.4.tgz",
			"integrity": "sha512-YmuA56alyBq7M59vxVBfPJrGSozru8QAdoNlWuW3cz8l+UX3cWge0vTvjKhsSHSJpo3Bom8/Mm6hf0TR5GY0+w==",
			"license": "MIT",
			"dependencies": {
				"split2": "^3.1.1"
			}
		},
		"node_modules/postgres-array": {
			"version": "2.0.0",
			"resolved": "https://registry.npmjs.org/postgres-array/-/postgres-array-2.0.0.tgz",
			"integrity": "sha512-VpZrUqU5A69eQyW2c5CA1jtLecCsN2U/bD6VilrFDWq5+5UIEVO7nazS3TEcHf1zuPYO/sqGvUvW62g86RXZuA==",
			"license": "MIT",
			"engines": {
				"node": ">=4"
			}
		},
		"node_modules/postgres-bytea": {
			"version": "1.0.0",
			"resolved": "https://registry.npmjs.org/postgres-bytea/-/postgres-bytea-1.0.0.tgz",
			"integrity": "sha1-AntTPAqokOJtFy1Hz5zOzFIazTU=",
			"license": "MIT",
			"engines": {
				"node": ">=0.10.0"
			}
		},
		"node_modules/postgres-date": {
			"version": "1.0.7",
			"resolved": "https://registry.npmjs.org/postgres-date/-/postgres-date-1.0.7.tgz",
			"integrity": "sha512-suDmjLVQg78nMK2UZ454hAG+OAW+HQPZ6n++TNDUX+L0+uUlLywnoxJKDou51Zm+zTCjrCl0Nq6J9C5hP9vK/Q==",
			"license": "MIT",
			"engines": {
				"node": ">=0.10.0"
			}
		},
		"node_modules/postgres-interval": {
			"version": "1.2.0",
			"resolved": "https://registry.npmjs.org/postgres-interval/-/postgres-interval-1.2.0.tgz",
			"integrity": "sha512-9ZhXKM/rw350N1ovuWHbGxnGh/SNJ4cnxHiM0rxE4VN41wsg8P8zWn9hv/buK00RP4WvlOyr/RBDiptyxVbkZQ==",
			"license": "MIT",
			"dependencies": {
				"xtend": "^4.0.0"
			},
			"engines": {
				"node": ">=0.10.0"
			}
		},
		"node_modules/readable-stream": {
			"version": "3.6.0",
			"resolved": "https://registry.npmjs.org/readable-stream/-/readable-stream-3.6.0.tgz",
			"integrity": "sha512-BViHy7LKeTz4oNnkcLJ+lVSL6vpiFeX6/d3oSH8zCW7UxP2onchk+vTGB143xuFjHS3deTgkKoXXymXqymiIdA==",
			"license": "MIT",
			"dependencies": {
				"inherits": "^2.0.3",
				"string_decoder": "^1.1.1",
				"util-deprecate": "^1.0.1"
			},
			"engines": {
				"node": ">= 6"
			}
		},
		"node_modules/regexp.prototype.flags": {
			"version": "1.3.1",
			"resolved": "https://registry.npmjs.org/regexp.prototype.flags/-/regexp.prototype.flags-1.3.1.tgz",
			"integrity": "sha512-JiBdRBq91WlY7uRJ0ds7R+dU02i6LKi8r3BuQhNXn+kmeLN+EfHhfjqMRis1zJxnlu88hq/4dx0P2OP3APRTOA==",
			"license": "MIT",
			"dependencies": {
				"call-bind": "^1.0.2",
				"define-properties": "^1.1.3"
			},
			"engines": {
				"node": ">= 0.4"
			},
			"funding": {
				"url": "https://github.com/sponsors/ljharb"
			}
		},
		"node_modules/safe-buffer": {
			"version": "5.2.1",
			"resolved": "https://registry.npmjs.org/safe-buffer/-/safe-buffer-5.2.1.tgz",
			"integrity": "sha512-rp3So07KcdmmKbGvgaNxQSJr7bGVSVk5S9Eq1F+ppbRo70+YeaDxkw5Dd8NPN+GD6bjnYm2VuPuCXmpuYvmCXQ==",
			"funding": [
				{
					"type": "github",
					"url": "https://github.com/sponsors/feross"
				},
				{
					"type": "patreon",
					"url": "https://www.patreon.com/feross"
				},
				{
					"type": "consulting",
					"url": "https://feross.org/support"
				}
			],
			"license": "MIT"
		},
		"node_modules/side-channel": {
			"version": "1.0.4",
			"resolved": "https://registry.npmjs.org/side-channel/-/side-channel-1.0.4.tgz",
			"integrity": "sha512-q5XPytqFEIKHkGdiMIrY10mvLRvnQh42/+GoBlFW3b2LXLE2xxJpZFdm94we0BaoV3RwJyGqg5wS7epxTv0Zvw==",
			"license": "MIT",
			"dependencies": {
				"call-bind": "^1.0.0",
				"get-intrinsic": "^1.0.2",
				"object-inspect": "^1.9.0"
			},
			"funding": {
				"url": "https://github.com/sponsors/ljharb"
			}
		},
		"node_modules/split2": {
			"version": "3.2.2",
			"resolved": "https://registry.npmjs.org/split2/-/split2-3.2.2.tgz",
			"integrity": "sha512-9NThjpgZnifTkJpzTZ7Eue85S49QwpNhZTq6GRJwObb6jnLFNGB7Qm73V5HewTROPyxD0C29xqmaI68bQtV+hg==",
			"license": "ISC",
			"dependencies": {
				"readable-stream": "^3.0.0"
			}
		},
		"node_modules/string_decoder": {
			"version": "1.3.0",
			"resolved": "https://registry.npmjs.org/string_decoder/-/string_decoder-1.3.0.tgz",
			"integrity": "sha512-hkRX8U1WjJFd8LsDJ2yQ/wWWxaopEsABU1XfkM8A+j0+85JAGppt16cr1Whg6KIbb4okU6Mql6BOj+uup/wKeA==",
			"license": "MIT",
			"dependencies": {
				"safe-buffer": "~5.2.0"
			}
		},
		"node_modules/string.prototype.trimend": {
			"version": "1.0.4",
			"resolved": "https://registry.npmjs.org/string.prototype.trimend/-/string.prototype.trimend-1.0.4.tgz",
			"integrity": "sha512-y9xCjw1P23Awk8EvTpcyL2NIr1j7wJ39f+k6lvRnSMz+mz9CGz9NYPelDk42kOz6+ql8xjfK8oYzy3jAP5QU5A==",
			"license": "MIT",
			"dependencies": {
				"call-bind": "^1.0.2",
				"define-properties": "^1.1.3"
			},
			"funding": {
				"url": "https://github.com/sponsors/ljharb"
			}
		},
		"node_modules/string.prototype.trimstart": {
			"version": "1.0.4",
			"resolved": "https://registry.npmjs.org/string.prototype.trimstart/-/string.prototype.trimstart-1.0.4.tgz",
			"integrity": "sha512-jh6e984OBfvxS50tdY2nRZnoC5/mLFKOREQfw8t5yytkoUsJRNxvI/E39qu1sD0OtWI3OC0XgKSmcWwziwYuZw==",
			"license": "MIT",
			"dependencies": {
				"call-bind": "^1.0.2",
				"define-properties": "^1.1.3"
			},
			"funding": {
				"url": "https://github.com/sponsors/ljharb"
			}
		},
		"node_modules/supports-color": {
			"version": "7.2.0",
			"resolved": "https://registry.npmjs.org/supports-color/-/supports-color-7.2.0.tgz",
			"integrity": "sha512-qpCAvRl9stuOHveKsn7HncJRvv501qIacKzQlO/+Lwxc9+0q2wLyv4Dfvt80/DPn2pqOBsJdDiogXGR9+OvwRw==",
			"license": "MIT",
			"dependencies": {
				"has-flag": "^4.0.0"
			},
			"engines": {
				"node": ">=8"
			}
		},
		"node_modules/timers-ext": {
			"version": "0.1.7",
			"resolved": "https://registry.npmjs.org/timers-ext/-/timers-ext-0.1.7.tgz",
			"integrity": "sha512-b85NUNzTSdodShTIbky6ZF02e8STtVVfD+fu4aXXShEELpozH+bCpJLYMPZbsABN2wDH7fJpqIoXxJpzbf0NqQ==",
			"license": "ISC",
			"dependencies": {
				"es5-ext": "~0.10.46",
				"next-tick": "1"
			}
		},
		"node_modules/timers-ext/node_modules/next-tick": {
			"version": "1.1.0",
			"resolved": "https://registry.npmjs.org/next-tick/-/next-tick-1.1.0.tgz",
			"integrity": "sha512-CXdUiJembsNjuToQvxayPZF9Vqht7hewsvy2sOWafLvi2awflj9mOC6bHIg50orX8IJvWKY9wYQ/zB2kogPslQ==",
			"license": "ISC"
		},
		"node_modules/type": {
			"version": "1.2.0",
			"resolved": "https://registry.npmjs.org/type/-/type-1.2.0.tgz",
			"integrity": "sha512-+5nt5AAniqsCnu2cEQQdpzCAh33kVx8n0VoFidKpB1dVVLAN/F+bgVOqOJqOnEnrhp222clB5p3vUlD+1QAnfg==",
			"license": "ISC"
		},
		"node_modules/unbox-primitive": {
			"version": "1.0.1",
			"resolved": "https://registry.npmjs.org/unbox-primitive/-/unbox-primitive-1.0.1.tgz",
			"integrity": "sha512-tZU/3NqK3dA5gpE1KtyiJUrEB0lxnGkMFHptJ7q6ewdZ8s12QrODwNbhIJStmJkd1QDXa1NRA8aF2A1zk/Ypyw==",
			"license": "MIT",
			"dependencies": {
				"function-bind": "^1.1.1",
				"has-bigints": "^1.0.1",
				"has-symbols": "^1.0.2",
				"which-boxed-primitive": "^1.0.2"
			},
			"funding": {
				"url": "https://github.com/sponsors/ljharb"
			}
		},
		"node_modules/util-deprecate": {
			"version": "1.0.2",
			"resolved": "https://registry.npmjs.org/util-deprecate/-/util-deprecate-1.0.2.tgz",
			"integrity": "sha1-RQ1Nyfpw3nMnYvvS1KKJgUGaDM8=",
			"license": "MIT"
		},
		"node_modules/which-boxed-primitive": {
			"version": "1.0.2",
			"resolved": "https://registry.npmjs.org/which-boxed-primitive/-/which-boxed-primitive-1.0.2.tgz",
			"integrity": "sha512-bwZdv0AKLpplFY2KZRX6TvyuN7ojjr7lwkg6ml0roIy9YeuSr7JS372qlNW18UQYzgYK9ziGcerWqZOmEn9VNg==",
			"license": "MIT",
			"dependencies": {
				"is-bigint": "^1.0.1",
				"is-boolean-object": "^1.1.0",
				"is-number-object": "^1.0.4",
				"is-string": "^1.0.5",
				"is-symbol": "^1.0.3"
			},
			"funding": {
				"url": "https://github.com/sponsors/ljharb"
			}
		},
		"node_modules/which-collection": {
			"version": "1.0.1",
			"resolved": "https://registry.npmjs.org/which-collection/-/which-collection-1.0.1.tgz",
			"integrity": "sha512-W8xeTUwaln8i3K/cY1nGXzdnVZlidBcagyNFtBdD5kxnb4TvGKR7FfSIS3mYpwWS1QUCutfKz8IY8RjftB0+1A==",
			"license": "MIT",
			"dependencies": {
				"is-map": "^2.0.1",
				"is-set": "^2.0.1",
				"is-weakmap": "^2.0.1",
				"is-weakset": "^2.0.1"
			},
			"funding": {
				"url": "https://github.com/sponsors/ljharb"
			}
		},
		"node_modules/which-typed-array": {
			"version": "1.1.4",
			"resolved": "https://registry.npmjs.org/which-typed-array/-/which-typed-array-1.1.4.tgz",
			"integrity": "sha512-49E0SpUe90cjpoc7BOJwyPHRqSAd12c10Qm2amdEZrJPCY2NDxaW01zHITrem+rnETY3dwrbH3UUrUwagfCYDA==",
			"license": "MIT",
			"dependencies": {
				"available-typed-arrays": "^1.0.2",
				"call-bind": "^1.0.0",
				"es-abstract": "^1.18.0-next.1",
				"foreach": "^2.0.5",
				"function-bind": "^1.1.1",
				"has-symbols": "^1.0.1",
				"is-typed-array": "^1.1.3"
			},
			"engines": {
				"node": ">= 0.4"
			},
			"funding": {
				"url": "https://github.com/sponsors/ljharb"
			}
		},
		"node_modules/xtend": {
			"version": "4.0.2",
			"resolved": "https://registry.npmjs.org/xtend/-/xtend-4.0.2.tgz",
			"integrity": "sha512-LKYU1iAXJXUgAXn9URjiu+MWhyUXHsvfp7mcuYm9dSUKK0/CjtrUwFAxD82/mCWbtLsGjFIad0wIsod4zrTAEQ==",
			"license": "MIT",
			"engines": {
				"node": ">=0.4"
			}
		}
	}
}
